
Microsoft Visual Studio Solution File, Format Version 12.00
# Visual Studio Version 17
VisualStudioVersion = 17.7.34031.279
MinimumVisualStudioVersion = 10.0.40219.1
Project("{FAE04EC0-301F-11D3-BF4B-00C04F79EFBC}") = "prc3Web3BerzerkCodes", "prc3Web3BerzerkCodes.csproj", "{DDFE70DE-AFD7-4A45-B880-81A62DB20B33}"
EndProject
Global
	GlobalSection(SolutionConfigurationPlatforms) = preSolution
		Debug|Any CPU = Debug|Any CPU
		Release|Any CPU = Release|Any CPU
	EndGlobalSection
	GlobalSection(ProjectConfigurationPlatforms) = postSolution
		{DDFE70DE-AFD7-4A45-B880-81A62DB20B33}.Debug|Any CPU.ActiveCfg = Debug|Any CPU
		{DDFE70DE-AFD7-4A45-B880-81A62DB20B33}.Debug|Any CPU.Build.0 = Debug|Any CPU
		{DDFE70DE-AFD7-4A45-B880-81A62DB20B33}.Release|Any CPU.ActiveCfg = Release|Any CPU
		{DDFE70DE-AFD7-4A45-B880-81A62DB20B33}.Release|Any CPU.Build.0 = Release|Any CPU
	EndGlobalSection
	GlobalSection(SolutionProperties) = preSolution
		HideSolutionNode = FALSE
	EndGlobalSection
	GlobalSection(ExtensibilityGlobals) = postSolution
		SolutionGuid = {EA33443E-ED5A-406D-9209-CCB3990FCD3F}
	EndGlobalSection
EndGlobal
